
Microsoft Visual Studio Solution File, Format Version 12.00
# Visual Studio 2012
Project("{FAE04EC0-301F-11D3-BF4B-00C04F79EFBC}") = "PasswordReset", "PasswordReset\PasswordReset.csproj", "{74BED4A1-5280-4539-B950-E7C83AFB6884}"
EndProject
Project("{FAE04EC0-301F-11D3-BF4B-00C04F79EFBC}") = "PasswordReset.Tests", "PasswordReset.Tests\PasswordReset.Tests.csproj", "{682DA271-9DCC-45F0-B356-C5DB806CE006}"
EndProject
Global
	GlobalSection(SolutionConfigurationPlatforms) = preSolution
		Debug|x86 = Debug|x86
		Release|x86 = Release|x86
	EndGlobalSection
	GlobalSection(ProjectConfigurationPlatforms) = postSolution
		{74BED4A1-5280-4539-B950-E7C83AFB6884}.Debug|x86.ActiveCfg = Debug|x86
		{74BED4A1-5280-4539-B950-E7C83AFB6884}.Debug|x86.Build.0 = Debug|x86
		{74BED4A1-5280-4539-B950-E7C83AFB6884}.Release|x86.ActiveCfg = Release|x86
		{74BED4A1-5280-4539-B950-E7C83AFB6884}.Release|x86.Build.0 = Release|x86
		{682DA271-9DCC-45F0-B356-C5DB806CE006}.Debug|x86.ActiveCfg = Debug|Any CPU
		{682DA271-9DCC-45F0-B356-C5DB806CE006}.Debug|x86.Build.0 = Debug|Any CPU
		{682DA271-9DCC-45F0-B356-C5DB806CE006}.Release|x86.ActiveCfg = Release|Any CPU
		{682DA271-9DCC-45F0-B356-C5DB806CE006}.Release|x86.Build.0 = Release|Any CPU
	EndGlobalSection
EndGlobal
